
Microsoft Visual Studio Solution File, Format Version 12.00
# Visual Studio 14
VisualStudioVersion = 14.0.24720.0
MinimumVisualStudioVersion = 10.0.40219.1
Project("{FAE04EC0-301F-11D3-BF4B-00C04F79EFBC}") = "DataAccessTier", "DataAccessTier\DataAccessTier.csproj", "{5E10D1E0-49A4-422A-BE8E-3DE434D9159D}"
EndProject
Project("{FAE04EC0-301F-11D3-BF4B-00C04F79EFBC}") = "DataEntityTier", "DataEntityTier\DataEntityTier.csproj", "{2270D3AD-2DA0-44CF-8DCF-D6B2EB208D89}"
EndProject
Project("{FAE04EC0-301F-11D3-BF4B-00C04F79EFBC}") = "DataService", "DataService\DataService.csproj", "{911A88D3-AE9B-4E21-9DD8-1046674447EE}"
EndProject
Project("{FAE04EC0-301F-11D3-BF4B-00C04F79EFBC}") = "PresentationTier", "PresentationTier\PresentationTier.csproj", "{4B569E1B-800B-4759-B117-587316DFE7F1}"
	ProjectSection(ProjectDependencies) = postProject
		{911A88D3-AE9B-4E21-9DD8-1046674447EE} = {911A88D3-AE9B-4E21-9DD8-1046674447EE}
	EndProjectSection
EndProject
Global
	GlobalSection(SolutionConfigurationPlatforms) = preSolution
		Debug|Any CPU = Debug|Any CPU
		Release|Any CPU = Release|Any CPU
	EndGlobalSection
	GlobalSection(ProjectConfigurationPlatforms) = postSolution
		{5E10D1E0-49A4-422A-BE8E-3DE434D9159D}.Debug|Any CPU.ActiveCfg = Debug|Any CPU
		{5E10D1E0-49A4-422A-BE8E-3DE434D9159D}.Debug|Any CPU.Build.0 = Debug|Any CPU
		{5E10D1E0-49A4-422A-BE8E-3DE434D9159D}.Release|Any CPU.ActiveCfg = Release|Any CPU
		{5E10D1E0-49A4-422A-BE8E-3DE434D9159D}.Release|Any CPU.Build.0 = Release|Any CPU
		{2270D3AD-2DA0-44CF-8DCF-D6B2EB208D89}.Debug|Any CPU.ActiveCfg = Debug|Any CPU
		{2270D3AD-2DA0-44CF-8DCF-D6B2EB208D89}.Debug|Any CPU.Build.0 = Debug|Any CPU
		{2270D3AD-2DA0-44CF-8DCF-D6B2EB208D89}.Release|Any CPU.ActiveCfg = Release|Any CPU
		{2270D3AD-2DA0-44CF-8DCF-D6B2EB208D89}.Release|Any CPU.Build.0 = Release|Any CPU
		{911A88D3-AE9B-4E21-9DD8-1046674447EE}.Debug|Any CPU.ActiveCfg = Debug|Any CPU
		{911A88D3-AE9B-4E21-9DD8-1046674447EE}.Debug|Any CPU.Build.0 = Debug|Any CPU
		{911A88D3-AE9B-4E21-9DD8-1046674447EE}.Release|Any CPU.ActiveCfg = Release|Any CPU
		{911A88D3-AE9B-4E21-9DD8-1046674447EE}.Release|Any CPU.Build.0 = Release|Any CPU
		{4B569E1B-800B-4759-B117-587316DFE7F1}.Debug|Any CPU.ActiveCfg = Debug|Any CPU
		{4B569E1B-800B-4759-B117-587316DFE7F1}.Debug|Any CPU.Build.0 = Debug|Any CPU
		{4B569E1B-800B-4759-B117-587316DFE7F1}.Release|Any CPU.ActiveCfg = Release|Any CPU
		{4B569E1B-800B-4759-B117-587316DFE7F1}.Release|Any CPU.Build.0 = Release|Any CPU
	EndGlobalSection
	GlobalSection(SolutionProperties) = preSolution
		HideSolutionNode = FALSE
	EndGlobalSection
EndGlobal
